{
  "name": "hogwarts-trpg",
  "version": "1.0.0",
  "lockfileVersion": 3,
  "requires": true,
  "packages": {
    "": {
      "name": "hogwarts-trpg",
      "version": "1.0.0",
      "dependencies": {
        "@google/generative-ai": "^0.21.0"
      }
    },
    "node_modules/@google/generative-ai": {
      "version": "0.21.0",
      "resolved": "https://registry.npmjs.org/@google/generative-ai/-/generative-ai-0.21.0.tgz",
      "integrity": "sha512-9Qn6c+Z6u0k2lq7pZ1G9eQyqfY1hV4p1V1s4m6r5y6cC9wQ0F0l1nZr9Q8y0p7sC7fJm8mQxQn9c5Q==",
      "engines": {
        "node": ">=18"
      }
    }
  }
}